
Microsoft Visual Studio Solution File, Format Version 12.00
# Visual Studio 15
VisualStudioVersion = 15.0.28307.1209
MinimumVisualStudioVersion = 10.0.40219.1
Project("{FAE04EC0-301F-11D3-BF4B-00C04F79EFBC}") = "Adisyon", "Adisyon\Adisyon.csproj", "{985C4F2A-2389-4933-A260-BCBB021E25B5}"
EndProject
Global
	GlobalSection(SolutionConfigurationPlatforms) = preSolution
		Debug|Any CPU = Debug|Any CPU
		Release|Any CPU = Release|Any CPU
	EndGlobalSection
	GlobalSection(ProjectConfigurationPlatforms) = postSolution
		{985C4F2A-2389-4933-A260-BCBB021E25B5}.Debug|Any CPU.ActiveCfg = Debug|Any CPU
		{985C4F2A-2389-4933-A260-BCBB021E25B5}.Debug|Any CPU.Build.0 = Debug|Any CPU
		{985C4F2A-2389-4933-A260-BCBB021E25B5}.Release|Any CPU.ActiveCfg = Release|Any CPU
		{985C4F2A-2389-4933-A260-BCBB021E25B5}.Release|Any CPU.Build.0 = Release|Any CPU
	EndGlobalSection
	GlobalSection(SolutionProperties) = preSolution
		HideSolutionNode = FALSE
	EndGlobalSection
	GlobalSection(ExtensibilityGlobals) = postSolution
		SolutionGuid = {73687258-9583-4A86-9A39-BC9282A9AF17}
	EndGlobalSection
EndGlobal
